
Microsoft Visual Studio Solution File, Format Version 12.00
# Visual Studio Version 17
VisualStudioVersion = 17.0.32014.148
MinimumVisualStudioVersion = 10.0.40219.1
Project("{FAE04EC0-301F-11D3-BF4B-00C04F79EFBC}") = "LectureActivity5", "LectureActivity5\LectureActivity5.csproj", "{684DDEA6-2BBD-4E50-AF45-154BA5915013}"
EndProject
Global
	GlobalSection(SolutionConfigurationPlatforms) = preSolution
		Debug|Any CPU = Debug|Any CPU
		Release|Any CPU = Release|Any CPU
	EndGlobalSection
	GlobalSection(ProjectConfigurationPlatforms) = postSolution
		{684DDEA6-2BBD-4E50-AF45-154BA5915013}.Debug|Any CPU.ActiveCfg = Debug|Any CPU
		{684DDEA6-2BBD-4E50-AF45-154BA5915013}.Debug|Any CPU.Build.0 = Debug|Any CPU
		{684DDEA6-2BBD-4E50-AF45-154BA5915013}.Release|Any CPU.ActiveCfg = Release|Any CPU
		{684DDEA6-2BBD-4E50-AF45-154BA5915013}.Release|Any CPU.Build.0 = Release|Any CPU
	EndGlobalSection
	GlobalSection(SolutionProperties) = preSolution
		HideSolutionNode = FALSE
	EndGlobalSection
	GlobalSection(ExtensibilityGlobals) = postSolution
		SolutionGuid = {DDC9DCF3-E3BD-4FB7-8A78-A91FEB4DCB2D}
	EndGlobalSection
EndGlobal
